// !$*UTF8*$!
{
	archiveVersion = 1;
	classes = {
	};
	objectVersion = 48;
	objects = {

/* Begin PBXBuildFile section */
		001A60F120688D50005A0692 /* AppDelegate.swift in Sources */ = {isa = PBXBuildFile; fileRef = 001A60F020688D50005A0692 /* AppDelegate.swift */; };
		001A60F320688D50005A0692 /* ViewController.swift in Sources */ = {isa = PBXBuildFile; fileRef = 001A60F220688D50005A0692 /* ViewController.swift */; };
		001A60F620688D50005A0692 /* Main.storyboard in Resources */ = {isa = PBXBuildFile; fileRef = 001A60F420688D50005A0692 /* Main.storyboard */; };
		001A60F920688D50005A0692 /* slideout.xcdatamodeld in Sources */ = {isa = PBXBuildFile; fileRef = 001A60F720688D50005A0692 /* slideout.xcdatamodeld */; };
		001A60FB20688D50005A0692 /* Assets.xcassets in Resources */ = {isa = PBXBuildFile; fileRef = 001A60FA20688D50005A0692 /* Assets.xcassets */; };
		001A60FE20688D50005A0692 /* LaunchScreen.storyboard in Resources */ = {isa = PBXBuildFile; fileRef = 001A60FC20688D50005A0692 /* LaunchScreen.storyboard */; };
		00931765206891A400BA75AA /* BaseViewController.swift in Sources */ = {isa = PBXBuildFile; fileRef = 00931764206891A400BA75AA /* BaseViewController.swift */; };
		009317672068927C00BA75AA /* SideMenuViewController.swift in Sources */ = {isa = PBXBuildFile; fileRef = 009317662068927C00BA75AA /* SideMenuViewController.swift */; };
		0093176920689B7C00BA75AA /* MyViewController.swift in Sources */ = {isa = PBXBuildFile; fileRef = 0093176820689B7C00BA75AA /* MyViewController.swift */; };
/* End PBXBuildFile section */

/* Begin PBXFileReference section */
		001A60ED20688D50005A0692 /* slideout.app */ = {isa = PBXFileReference; explicitFileType = wrapper.application; includeInIndex = 0; path = slideout.app; sourceTree = BUILT_PRODUCTS_DIR; };
		001A60F020688D50005A0692 /* AppDelegate.swift */ = {isa = PBXFileReference; lastKnownFileType = sourcecode.swift; path = AppDelegate.swift; sourceTree = "<group>"; };
		001A60F220688D50005A0692 /* ViewController.swift */ = {isa = PBXFileReference; lastKnownFileType = sourcecode.swift; path = ViewController.swift; sourceTree = "<group>"; };
		001A60F520688D50005A0692 /* Base */ = {isa = PBXFileReference; lastKnownFileType = file.storyboard; name = Base; path = Base.lproj/Main.storyboard; sourceTree = "<group>"; };
		001A60F820688D50005A0692 /* slideout.xcdatamodel */ = {isa = PBXFileReference; lastKnownFileType = wrapper.xcdatamodel; path = slideout.xcdatamodel; sourceTree = "<group>"; };
		001A60FA20688D50005A0692 /* Assets.xcassets */ = {isa = PBXFileReference; lastKnownFileType = folder.assetcatalog; path = Assets.xcassets; sourceTree = "<group>"; };
		001A60FD20688D50005A0692 /* Base */ = {isa = PBXFileReference; lastKnownFileType = file.storyboard; name = Base; path = Base.lproj/LaunchScreen.storyboard; sourceTree = "<group>"; };
		001A60FF20688D50005A0692 /* Info.plist */ = {isa = PBXFileReference; lastKnownFileType = text.plist.xml; path = Info.plist; sourceTree = "<group>"; };
		00931764206891A400BA75AA /* BaseViewController.swift */ = {isa = PBXFileReference; lastKnownFileType = sourcecode.swift; path = BaseViewController.swift; sourceTree = "<group>"; };
		009317662068927C00BA75AA /* SideMenuViewController.swift */ = {isa = PBXFileReference; lastKnownFileType = sourcecode.swift; path = SideMenuViewController.swift; sourceTree = "<group>"; };
		0093176820689B7C00BA75AA /* MyViewController.swift */ = {isa = PBXFileReference; lastKnownFileType = sourcecode.swift; path = MyViewController.swift; sourceTree = "<group>"; };
/* End PBXFileReference section */

/* Begin PBXFrameworksBuildPhase section */
		001A60EA20688D50005A0692 /* Frameworks */ = {
			isa = PBXFrameworksBuildPhase;
			buildActionMask = 2147483647;
			files = (
			);
			runOnlyForDeploymentPostprocessing = 0;
		};
/* End PBXFrameworksBuildPhase section */

/* Begin PBXGroup section */
		001A60E420688D50005A0692 = {
			isa = PBXGroup;
			children = (
				001A60EF20688D50005A0692 /* slideout */,
				001A60EE20688D50005A0692 /* Products */,
			);
			sourceTree = "<group>";
		};
		001A60EE20688D50005A0692 /* Products */ = {
			isa = PBXGroup;
			children = (
				001A60ED20688D50005A0692 /* slideout.app */,
			);
			name = Products;
			sourceTree = "<group>";
		};
		001A60EF20688D50005A0692 /* slideout */ = {
			isa = PBXGroup;
			children = (
				001A60F020688D50005A0692 /* AppDelegate.swift */,
				001A60F220688D50005A0692 /* ViewController.swift */,
				001A60F420688D50005A0692 /* Main.storyboard */,
				001A60FA20688D50005A0692 /* Assets.xcassets */,
				001A60FC20688D50005A0692 /* LaunchScreen.storyboard */,
				001A60FF20688D50005A0692 /* Info.plist */,
				001A60F720688D50005A0692 /* slideout.xcdatamodeld */,
				00931764206891A400BA75AA /* BaseViewController.swift */,
				009317662068927C00BA75AA /* SideMenuViewController.swift */,
				0093176820689B7C00BA75AA /* MyViewController.swift */,
			);
			path = slideout;
			sourceTree = "<group>";
		};
/* End PBXGroup section */

/* Begin PBXNativeTarget section */
		001A60EC20688D50005A0692 /* slideout */ = {
			isa = PBXNativeTarget;
			buildConfigurationList = 001A610220688D50005A0692 /* Build configuration list for PBXNativeTarget "slideout" */;
			buildPhases = (
				001A60E920688D50005A0692 /* Sources */,
				001A60EA20688D50005A0692 /* Frameworks */,
				001A60EB20688D50005A0692 /* Resources */,
			);
			buildRules = (
			);
			dependencies = (
			);
			name = slideout;
			productName = slideout;
			productReference = 001A60ED20688D50005A0692 /* slideout.app */;
			productType = "com.apple.product-type.application";
		};
/* End PBXNativeTarget section */

/* Begin PBXProject section */
		001A60E520688D50005A0692 /* Project object */ = {
			isa = PBXProject;
			attributes = {
				LastSwiftUpdateCheck = 0920;
				LastUpgradeCheck = 0920;
				ORGANIZATIONNAME = GSS;
				TargetAttributes = {
					001A60EC20688D50005A0692 = {
						CreatedOnToolsVersion = 9.2;
						ProvisioningStyle = Automatic;
					};
				};
			};
			buildConfigurationList = 001A60E820688D50005A0692 /* Build configuration list for PBXProject "slideout" */;
			compatibilityVersion = "Xcode 8.0";
			developmentRegion = en;
			hasScannedForEncodings = 0;
			knownRegions = (
				en,
				Base,
			);
			mainGroup = 001A60E420688D50005A0692;
			productRefGroup = 001A60EE20688D50005A0692 /* Products */;
			projectDirPath = "";
			projectRoot = "";
			targets = (
				001A60EC20688D50005A0692 /* slideout */,
			);
		};
/* End PBXProject section */

/* Begin PBXResourcesBuildPhase section */
		001A60EB20688D50005A0692 /* Resources */ = {
			isa = PBXResourcesBuildPhase;
			buildActionMask = 2147483647;
			files = (
				001A60FE20688D50005A0692 /* LaunchScreen.storyboard in Resources */,
				001A60FB20688D50005A0692 /* Assets.xcassets in Resources */,
				001A60F620688D50005A0692 /* Main.storyboard in Resources */,
			);
			runOnlyForDeploymentPostprocessing = 0;
		};
/* End PBXResourcesBuildPhase section */

/* Begin PBXSourcesBuildPhase section */
		001A60E920688D50005A0692 /* Sources */ = {
			isa = PBXSourcesBuildPhase;
			buildActionMask = 2147483647;
			files = (
				001A60F920688D50005A0692 /* slideout.xcdatamodeld in Sources */,
				00931765206891A400BA75AA /* BaseViewController.swift in Sources */,
				001A60F320688D50005A0692 /* ViewController.swift in Sources */,
				009317672068927C00BA75AA /* SideMenuViewController.swift in Sources */,
				0093176920689B7C00BA75AA /* MyViewController.swift in Sources */,
				001A60F120688D50005A0692 /* AppDelegate.swift in Sources */,
			);
			runOnlyForDeploymentPostprocessing = 0;
		};
/* End PBXSourcesBuildPhase section */

/* Begin PBXVariantGroup section */
		001A60F420688D50005A0692 /* Main.storyboard */ = {
			isa = PBXVariantGroup;
			children = (
				001A60F520688D50005A0692 /* Base */,
			);
			name = Main.storyboard;
			sourceTree = "<group>";
		};
		001A60FC20688D50005A0692 /* LaunchScreen.storyboard */ = {
			isa = PBXVariantGroup;
			children = (
				001A60FD20688D50005A0692 /* Base */,
			);
			name = LaunchScreen.storyboard;
			sourceTree = "<group>";
		};
/* End PBXVariantGroup section */

/* Begin XCBuildConfiguration section */
		001A610020688D50005A0692 /* Debug */ = {
			isa = XCBuildConfiguration;
			buildSettings = {
				ALWAYS_SEARCH_USER_PATHS = NO;
				CLANG_ANALYZER_NONNULL = YES;
				CLANG_ANALYZER_NUMBER_OBJECT_CONVERSION = YES_AGGRESSIVE;
				CLANG_CXX_LANGUAGE_STANDARD = "gnu++14";
				CLANG_CXX_LIBRARY = "libc++";
				CLANG_ENABLE_MODULES = YES;
				CLANG_ENABLE_OBJC_ARC = YES;
				CLANG_WARN_BLOCK_CAPTURE_AUTORELEASING = YES;
				CLANG_WARN_BOOL_CONVERSION = YES;
				CLANG_WARN_COMMA = YES;
				CLANG_WARN_CONSTANT_CONVERSION = YES;
				CLANG_WARN_DIRECT_OBJC_ISA_USAGE = YES_ERROR;
				CLANG_WARN_DOCUMENTATION_COMMENTS = YES;
				CLANG_WARN_EMPTY_BODY = YES;
				CLANG_WARN_ENUM_CONVERSION = YES;
				CLANG_WARN_INFINITE_RECURSION = YES;
				CLANG_WARN_INT_CONVERSION = YES;
				CLANG_WARN_NON_LITERAL_NULL_CONVERSION = YES;
				CLANG_WARN_OBJC_LITERAL_CONVERSION = YES;
				CLANG_WARN_OBJC_ROOT_CLASS = YES_ERROR;
				CLANG_WARN_RANGE_LOOP_ANALYSIS = YES;
				CLANG_WARN_STRICT_PROTOTYPES = YES;
				CLANG_WARN_SUSPICIOUS_MOVE = YES;
				CLANG_WARN_UNGUARDED_AVAILABILITY = YES_AGGRESSIVE;
				CLANG_WARN_UNREACHABLE_CODE = YES;
				CLANG_WARN__DUPLICATE_METHOD_MATCH = YES;
				CODE_SIGN_IDENTITY = "iPhone Developer";
				COPY_PHASE_STRIP = NO;
				DEBUG_INFORMATION_FORMAT = dwarf;
				ENABLE_STRICT_OBJC_MSGSEND = YES;
				ENABLE_TESTABILITY = YES;
				GCC_C_LANGUAGE_STANDARD = gnu11;
				GCC_DYNAMIC_NO_PIC = NO;
				GCC_NO_COMMON_BLOCKS = YES;
				GCC_OPTIMIZATION_LEVEL = 0;
				GCC_PREPROCESSOR_DEFINITIONS = (
					"DEBUG=1",
					"$(inherited)",
				);
				GCC_WARN_64_TO_32_BIT_CONVERSION = YES;
				GCC_WARN_ABOUT_RETURN_TYPE = YES_ERROR;
				GCC_WARN_UNDECLARED_SELECTOR = YES;
				GCC_WARN_UNINITIALIZED_AUTOS = YES_AGGRESSIVE;
				GCC_WARN_UNUSED_FUNCTION = YES;
				GCC_WARN_UNUSED_VARIABLE = YES;
				IPHONEOS_DEPLOYMENT_TARGET = 11.2;
				MTL_ENABLE_DEBUG_INFO = YES;
				ONLY_ACTIVE_ARCH = YES;
				SDKROOT = iphoneos;
				SWIFT_ACTIVE_COMPILATION_CONDITIONS = DEBUG;
				SWIFT_OPTIMIZATION_LEVEL = "-Onone";
			};
			name = Debug;
		};
		001A610120688D50005A0692 /* Release */ = {
			isa = XCBuildConfiguration;
			buildSettings = {
				ALWAYS_SEARCH_USER_PATHS = NO;
				CLANG_ANALYZER_NONNULL = YES;
				CLANG_ANALYZER_NUMBER_OBJECT_CONVERSION = YES_AGGRESSIVE;
				CLANG_CXX_LANGUAGE_STANDARD = "gnu++14";
				CLANG_CXX_LIBRARY = "libc++";
				CLANG_ENABLE_MODULES = YES;
				CLANG_ENABLE_OBJC_ARC = YES;
				CLANG_WARN_BLOCK_CAPTURE_AUTORELEASING = YES;
				CLANG_WARN_BOOL_CONVERSION = YES;
				CLANG_WARN_COMMA = YES;
				CLANG_WARN_CONSTANT_CONVERSION = YES;
				CLANG_WARN_DIRECT_OBJC_ISA_USAGE = YES_ERROR;
				CLANG_WARN_DOCUMENTATION_COMMENTS = YES;
				CLANG_WARN_EMPTY_BODY = YES;
				CLANG_WARN_ENUM_CONVERSION = YES;
				CLANG_WARN_INFINITE_RECURSION = YES;
				CLANG_WARN_INT_CONVERSION = YES;
				CLANG_WARN_NON_LITERAL_NULL_CONVERSION = YES;
				CLANG_WARN_OBJC_LITERAL_CONVERSION = YES;
				CLANG_WARN_OBJC_ROOT_CLASS = YES_ERROR;
				CLANG_WARN_RANGE_LOOP_ANALYSIS = YES;
				CLANG_WARN_STRICT_PROTOTYPES = YES;
				CLANG_WARN_SUSPICIOUS_MOVE = YES;
				CLANG_WARN_UNGUARDED_AVAILABILITY = YES_AGGRESSIVE;
				CLANG_WARN_UNREACHABLE_CODE = YES;
				CLANG_WARN__DUPLICATE_METHOD_MATCH = YES;
				CODE_SIGN_IDENTITY = "iPhone Developer";
				COPY_PHASE_STRIP = NO;
				DEBUG_INFORMATION_FORMAT = "dwarf-with-dsym";
				ENABLE_NS_ASSERTIONS = NO;
				ENABLE_STRICT_OBJC_MSGSEND = YES;
				GCC_C_LANGUAGE_STANDARD = gnu11;
				GCC_NO_COMMON_BLOCKS = YES;
				GCC_WARN_64_TO_32_BIT_CONVERSION = YES;
				GCC_WARN_ABOUT_RETURN_TYPE = YES_ERROR;
				GCC_WARN_UNDECLARED_SELECTOR = YES;
				GCC_WARN_UNINITIALIZED_AUTOS = YES_AGGRESSIVE;
				GCC_WARN_UNUSED_FUNCTION = YES;
				GCC_WARN_UNUSED_VARIABLE = YES;
				IPHONEOS_DEPLOYMENT_TARGET = 11.2;
				MTL_ENABLE_DEBUG_INFO = NO;
				SDKROOT = iphoneos;
				SWIFT_OPTIMIZATION_LEVEL = "-Owholemodule";
				VALIDATE_PRODUCT = YES;
			};
			name = Release;
		};
		001A610320688D50005A0692 /* Debug */ = {
			isa = XCBuildConfiguration;
			buildSettings = {
				ASSETCATALOG_COMPILER_APPICON_NAME = AppIcon;
				CODE_SIGN_STYLE = Automatic;
				DEVELOPMENT_TEAM = P34G6RK5WS;
				INFOPLIST_FILE = slideout/Info.plist;
				IPHONEOS_DEPLOYMENT_TARGET = 10.0;
				LD_RUNPATH_SEARCH_PATHS = "$(inherited) @executable_path/Frameworks";
				PRODUCT_BUNDLE_IDENTIFIER = com.gss.slideout;
				PRODUCT_NAME = "$(TARGET_NAME)";
				SWIFT_VERSION = 4.0;
				TARGETED_DEVICE_FAMILY = "1,2";
			};
			name = Debug;
		};
		001A610420688D50005A0692 /* Release */ = {
			isa = XCBuildConfiguration;
			buildSettings = {
				ASSETCATALOG_COMPILER_APPICON_NAME = AppIcon;
				CODE_SIGN_STYLE = Automatic;
				DEVELOPMENT_TEAM = P34G6RK5WS;
				INFOPLIST_FILE = slideout/Info.plist;
				IPHONEOS_DEPLOYMENT_TARGET = 10.0;
				LD_RUNPATH_SEARCH_PATHS = "$(inherited) @executable_path/Frameworks";
				PRODUCT_BUNDLE_IDENTIFIER = com.gss.slideout;
				PRODUCT_NAME = "$(TARGET_NAME)";
				SWIFT_VERSION = 4.0;
				TARGETED_DEVICE_FAMILY = "1,2";
			};
			name = Release;
		};
/* End XCBuildConfiguration section */

/* Begin XCConfigurationList section */
		001A60E820688D50005A0692 /* Build configuration list for PBXProject "slideout" */ = {
			isa = XCConfigurationList;
			buildConfigurations = (
				001A610020688D50005A0692 /* Debug */,
				001A610120688D50005A0692 /* Release */,
			);
			defaultConfigurationIsVisible = 0;
			defaultConfigurationName = Release;
		};
		001A610220688D50005A0692 /* Build configuration list for PBXNativeTarget "slideout" */ = {
			isa = XCConfigurationList;
			buildConfigurations = (
				001A610320688D50005A0692 /* Debug */,
				001A610420688D50005A0692 /* Release */,
			);
			defaultConfigurationIsVisible = 0;
			defaultConfigurationName = Release;
		};
/* End XCConfigurationList section */

/* Begin XCVersionGroup section */
		001A60F720688D50005A0692 /* slideout.xcdatamodeld */ = {
			isa = XCVersionGroup;
			children = (
				001A60F820688D50005A0692 /* slideout.xcdatamodel */,
			);
			currentVersion = 001A60F820688D50005A0692 /* slideout.xcdatamodel */;
			path = slideout.xcdatamodeld;
			sourceTree = "<group>";
			versionGroupType = wrapper.xcdatamodel;
		};
/* End XCVersionGroup section */
	};
	rootObject = 001A60E520688D50005A0692 /* Project object */;
}
